
Microsoft Visual Studio Solution File, Format Version 12.00
# Visual Studio 15
VisualStudioVersion = 15.0.27428.2002
MinimumVisualStudioVersion = 10.0.40219.1
Project("{FAE04EC0-301F-11D3-BF4B-00C04F79EFBC}") = "TimeTrackingApp", "TimeTrackingApp\TimeTrackingApp.csproj", "{42563F7D-A539-4542-BB40-DC3F24F3265A}"
EndProject
Global
	GlobalSection(SolutionConfigurationPlatforms) = preSolution
		Debug|Any CPU = Debug|Any CPU
		Release|Any CPU = Release|Any CPU
	EndGlobalSection
	GlobalSection(ProjectConfigurationPlatforms) = postSolution
		{42563F7D-A539-4542-BB40-DC3F24F3265A}.Debug|Any CPU.ActiveCfg = Debug|Any CPU
		{42563F7D-A539-4542-BB40-DC3F24F3265A}.Debug|Any CPU.Build.0 = Debug|Any CPU
		{42563F7D-A539-4542-BB40-DC3F24F3265A}.Release|Any CPU.ActiveCfg = Release|Any CPU
		{42563F7D-A539-4542-BB40-DC3F24F3265A}.Release|Any CPU.Build.0 = Release|Any CPU
	EndGlobalSection
	GlobalSection(SolutionProperties) = preSolution
		HideSolutionNode = FALSE
	EndGlobalSection
	GlobalSection(ExtensibilityGlobals) = postSolution
		SolutionGuid = {2D3611C6-6BE6-4712-9459-DEC296B80000}
	EndGlobalSection
EndGlobal
