
Microsoft Visual Studio Solution File, Format Version 12.00
# Visual Studio 15
VisualStudioVersion = 15.0.27428.2002
MinimumVisualStudioVersion = 10.0.40219.1
Project("{FAE04EC0-301F-11D3-BF4B-00C04F79EFBC}") = "DemoLANSite", "WebApplication2\DemoLANSite.csproj", "{D5CC2EB0-88FC-4CF7-B40F-FD72901DC599}"
EndProject
Global
	GlobalSection(SolutionConfigurationPlatforms) = preSolution
		Debug|Any CPU = Debug|Any CPU
		Release|Any CPU = Release|Any CPU
	EndGlobalSection
	GlobalSection(ProjectConfigurationPlatforms) = postSolution
		{D5CC2EB0-88FC-4CF7-B40F-FD72901DC599}.Debug|Any CPU.ActiveCfg = Debug|Any CPU
		{D5CC2EB0-88FC-4CF7-B40F-FD72901DC599}.Debug|Any CPU.Build.0 = Debug|Any CPU
		{D5CC2EB0-88FC-4CF7-B40F-FD72901DC599}.Release|Any CPU.ActiveCfg = Release|Any CPU
		{D5CC2EB0-88FC-4CF7-B40F-FD72901DC599}.Release|Any CPU.Build.0 = Release|Any CPU
	EndGlobalSection
	GlobalSection(SolutionProperties) = preSolution
		HideSolutionNode = FALSE
	EndGlobalSection
	GlobalSection(ExtensibilityGlobals) = postSolution
		SolutionGuid = {0DD07646-35F1-4C3F-B6EB-B4BF73DFD4D0}
	EndGlobalSection
EndGlobal
